# THIS IS AN AUTOGENERATED FILE. DO NOT EDIT THIS FILE DIRECTLY.
# yarn lockfile v1


"@babel/runtime@^7.4.5":
  version "7.9.2"
  resolved "https://registry.yarnpkg.com/@babel/runtime/-/runtime-7.9.2.tgz#d90df0583a3a252f09aaa619665367bae518db06"
  integrity sha512-NE2DtOdufG7R5vnfQUTehdTfNycfUANEtCa9PssN9O/xmTzP4E08UI797ixaei6hBEVL9BI/PsdJS5x7mWoB9Q==
  dependencies:
    regenerator-runtime "^0.13.4"

"@types/eslint-visitor-keys@^1.0.0":
  version "1.0.0"
  resolved "https://registry.yarnpkg.com/@types/eslint-visitor-keys/-/eslint-visitor-keys-1.0.0.tgz#1ee30d79544ca84d68d4b3cdb0af4f205663dd2d"
  integrity sha512-OCutwjDZ4aFS6PB1UZ988C4YgwlBHJd6wCeQqaLdmadZ/7e+w79+hbMUFC1QXDNCmdyoRfAFdm0RypzwR+Qpag==

"@types/json-schema@^7.0.3":
  version "7.0.4"
  resolved "https://registry.yarnpkg.com/@types/json-schema/-/json-schema-7.0.4.tgz#38fd73ddfd9b55abb1e1b2ed578cb55bd7b7d339"
  integrity sha512-8+KAKzEvSUdeo+kmqnKrqgeE+LcA0tjYWFY7RPProVYwnqDjukzO+3b6dLD56rYX5TdWejnEOLJYOIeh4CXKuA==

"@typescript-eslint/experimental-utils@2.26.0":
  version "2.26.0"
  resolved "https://registry.yarnpkg.com/@typescript-eslint/experimental-utils/-/experimental-utils-2.26.0.tgz#063390c404d9980767d76274df386c0aa675d91d"
  integrity sha512-RELVoH5EYd+JlGprEyojUv9HeKcZqF7nZUGSblyAw1FwOGNnmQIU8kxJ69fttQvEwCsX5D6ECJT8GTozxrDKVQ==
  dependencies:
    "@types/json-schema" "^7.0.3"
    "@typescript-eslint/typescript-estree" "2.26.0"
    eslint-scope "^5.0.0"
    eslint-utils "^2.0.0"

"@typescript-eslint/parser@^2.26.0":
  version "2.26.0"
  resolved "https://registry.yarnpkg.com/@typescript-eslint/parser/-/parser-2.26.0.tgz#385463615818b33acb72a25b39c03579df93d76f"
  integrity sha512-+Xj5fucDtdKEVGSh9353wcnseMRkPpEAOY96EEenN7kJVrLqy/EVwtIh3mxcUz8lsFXW1mT5nN5vvEam/a5HiQ==
  dependencies:
    "@types/eslint-visitor-keys" "^1.0.0"
    "@typescript-eslint/experimental-utils" "2.26.0"
    "@typescript-eslint/typescript-estree" "2.26.0"
    eslint-visitor-keys "^1.1.0"

"@typescript-eslint/typescript-estree@2.26.0":
  version "2.26.0"
  resolved "https://registry.yarnpkg.com/@typescript-eslint/typescript-estree/-/typescript-estree-2.26.0.tgz#d8132cf1ee8a72234f996519a47d8a9118b57d56"
  integrity sha512-3x4SyZCLB4zsKsjuhxDLeVJN6W29VwBnYpCsZ7vIdPel9ZqLfIZJgJXO47MNUkurGpQuIBALdPQKtsSnWpE1Yg==
  dependencies:
    debug "^4.1.1"
    eslint-visitor-keys "^1.1.0"
    glob "^7.1.6"
    is-glob "^4.0.1"
    lodash "^4.17.15"
    semver "^6.3.0"
    tsutils "^3.17.1"

aria-query@^3.0.0:
  version "3.0.0"
  resolved "https://registry.yarnpkg.com/aria-query/-/aria-query-3.0.0.tgz#65b3fcc1ca1155a8c9ae64d6eee297f15d5133cc"
  integrity sha1-ZbP8wcoRVajJrmTW7uKX8V1RM8w=
  dependencies:
    ast-types-flow "0.0.7"
    commander "^2.11.0"

array-includes@^3.0.3:
  version "3.1.1"
  resolved "https://registry.yarnpkg.com/array-includes/-/array-includes-3.1.1.tgz#cdd67e6852bdf9c1215460786732255ed2459348"
  integrity sha512-c2VXaCHl7zPsvpkFsw4nxvFie4fh1ur9bpcgsVkIjqn0H/Xwdg+7fv3n2r/isyS8EBj5b06M9kHyZuIr4El6WQ==
  dependencies:
    define-properties "^1.1.3"
    es-abstract "^1.17.0"
    is-string "^1.0.5"

ast-types-flow@0.0.7, ast-types-flow@^0.0.7:
  version "0.0.7"
  resolved "https://registry.yarnpkg.com/ast-types-flow/-/ast-types-flow-0.0.7.tgz#f70b735c6bca1a5c9c22d982c3e39e7feba3bdad"
  integrity sha1-9wtzXGvKGlycItmCw+Oef+ujva0=

axobject-query@^2.0.2:
  version "2.1.2"
  resolved "https://registry.yarnpkg.com/axobject-query/-/axobject-query-2.1.2.tgz#2bdffc0371e643e5f03ba99065d5179b9ca79799"
  integrity sha512-ICt34ZmrVt8UQnvPl6TVyDTkmhXmAyAT4Jh5ugfGUX4MOrZ+U/ZY6/sdylRw3qGNr9Ub5AJsaHeDMzNLehRdOQ==

balanced-match@^1.0.0:
  version "1.0.0"
  resolved "https://registry.yarnpkg.com/balanced-match/-/balanced-match-1.0.0.tgz#89b4d199ab2bee49de164ea02b89ce462d71b767"
  integrity sha1-ibTRmasr7kneFk6gK4nORi1xt2c=

brace-expansion@^1.1.7:
  version "1.1.11"
  resolved "https://registry.yarnpkg.com/brace-expansion/-/brace-expansion-1.1.11.tgz#3c7fcbf529d87226f3d2f52b966ff5271eb441dd"
  integrity sha512-iCuPHDFgrHX7H2vEI/5xpz07zSHB00TpugqhmYtVmMO6518mCuRMoOYFldEBl0g187ufozdaHgWKcYFb61qGiA==
  dependencies:
    balanced-match "^1.0.0"
    concat-map "0.0.1"

commander@^2.11.0:
  version "2.20.3"
  resolved "https://registry.yarnpkg.com/commander/-/commander-2.20.3.tgz#fd485e84c03eb4881c20722ba48035e8531aeb33"
  integrity sha512-GpVkmM8vF2vQUkj2LvZmD35JxeJOLCwJ9cUkugyk2nuhbv3+mJvpLYYt+0+USMxE+oj+ey/lJEnhZw75x/OMcQ==

concat-map@0.0.1:
  version "0.0.1"
  resolved "https://registry.yarnpkg.com/concat-map/-/concat-map-0.0.1.tgz#d8a96bd77fd68df7793a73036a3ba0d5405d477b"
  integrity sha1-2Klr13/Wjfd5OnMDajug1UBdR3s=

damerau-levenshtein@^1.0.4:
  version "1.0.6"
  resolved "https://registry.yarnpkg.com/damerau-levenshtein/-/damerau-levenshtein-1.0.6.tgz#143c1641cb3d85c60c32329e26899adea8701791"
  integrity sha512-JVrozIeElnj3QzfUIt8tB8YMluBJom4Vw9qTPpjGYQ9fYlB3D/rb6OordUxf3xeFB35LKWs0xqcO5U6ySvBtug==

debug@^4.1.1:
  version "4.1.1"
  resolved "https://registry.yarnpkg.com/debug/-/debug-4.1.1.tgz#3b72260255109c6b589cee050f1d516139664791"
  integrity sha512-pYAIzeRo8J6KPEaJ0VWOh5Pzkbw/RetuzehGM7QRRX5he4fPHx2rdKMB256ehJCkX+XRQm16eZLqLNS8RSZXZw==
  dependencies:
    ms "^2.1.1"

define-properties@^1.1.2, define-properties@^1.1.3:
  version "1.1.3"
  resolved "https://registry.yarnpkg.com/define-properties/-/define-properties-1.1.3.tgz#cf88da6cbee26fe6db7094f61d870cbd84cee9f1"
  integrity sha512-3MqfYKj2lLzdMSf8ZIZE/V+Zuy+BgD6f164e8K2w7dgnpKArBDerGYpM46IYYcjnkdPNMjPk9A6VFB8+3SKlXQ==
  dependencies:
    object-keys "^1.0.12"

emoji-regex@^7.0.2:
  version "7.0.3"
  resolved "https://registry.yarnpkg.com/emoji-regex/-/emoji-regex-7.0.3.tgz#933a04052860c85e83c122479c4748a8e4c72156"
  integrity sha512-CwBLREIQ7LvYFB0WyRvwhq5N5qPhc6PMjD6bYggFlI5YyDgl+0vxq5VHbMOFqLg7hfWzmu8T5Z1QofhmTIhItA==

es-abstract@^1.17.0, es-abstract@^1.17.5:
  version "1.17.5"
  resolved "https://registry.yarnpkg.com/es-abstract/-/es-abstract-1.17.5.tgz#d8c9d1d66c8981fb9200e2251d799eee92774ae9"
  integrity sha512-BR9auzDbySxOcfog0tLECW8l28eRGpDpU3Dm3Hp4q/N+VtLTmyj4EUN088XZWQDW/hzj6sYRDXeOFsaAODKvpg==
  dependencies:
    es-to-primitive "^1.2.1"
    function-bind "^1.1.1"
    has "^1.0.3"
    has-symbols "^1.0.1"
    is-callable "^1.1.5"
    is-regex "^1.0.5"
    object-inspect "^1.7.0"
    object-keys "^1.1.1"
    object.assign "^4.1.0"
    string.prototype.trimleft "^2.1.1"
    string.prototype.trimright "^2.1.1"

es-to-primitive@^1.2.1:
  version "1.2.1"
  resolved "https://registry.yarnpkg.com/es-to-primitive/-/es-to-primitive-1.2.1.tgz#e55cd4c9cdc188bcefb03b366c736323fc5c898a"
  integrity sha512-QCOllgZJtaUo9miYBcLChTUaHNjJF3PYs1VidD7AwiEj1kYxKeQTctLAezAOH5ZKRH0g2IgPn6KwB4IT8iRpvA==
  dependencies:
    is-callable "^1.1.4"
    is-date-object "^1.0.1"
    is-symbol "^1.0.2"

eslint-config-prettier@^6.10.1:
  version "6.10.1"
  resolved "https://registry.yarnpkg.com/eslint-config-prettier/-/eslint-config-prettier-6.10.1.tgz#129ef9ec575d5ddc0e269667bf09defcd898642a"
  integrity sha512-svTy6zh1ecQojvpbJSgH3aei/Rt7C6i090l5f2WQ4aB05lYHeZIR1qL4wZyyILTbtmnbHP5Yn8MrsOJMGa8RkQ==
  dependencies:
    get-stdin "^6.0.0"

eslint-plugin-jsx-a11y@^6.2.3:
  version "6.2.3"
  resolved "https://registry.yarnpkg.com/eslint-plugin-jsx-a11y/-/eslint-plugin-jsx-a11y-6.2.3.tgz#b872a09d5de51af70a97db1eea7dc933043708aa"
  integrity sha512-CawzfGt9w83tyuVekn0GDPU9ytYtxyxyFZ3aSWROmnRRFQFT2BiPJd7jvRdzNDi6oLWaS2asMeYSNMjWTV4eNg==
  dependencies:
    "@babel/runtime" "^7.4.5"
    aria-query "^3.0.0"
    array-includes "^3.0.3"
    ast-types-flow "^0.0.7"
    axobject-query "^2.0.2"
    damerau-levenshtein "^1.0.4"
    emoji-regex "^7.0.2"
    has "^1.0.3"
    jsx-ast-utils "^2.2.1"

eslint-scope@^5.0.0:
  version "5.0.0"
  resolved "https://registry.yarnpkg.com/eslint-scope/-/eslint-scope-5.0.0.tgz#e87c8887c73e8d1ec84f1ca591645c358bfc8fb9"
  integrity sha512-oYrhJW7S0bxAFDvWqzvMPRm6pcgcnWc4QnofCAqRTRfQC0JcwenzGglTtsLyIuuWFfkqDG9vz67cnttSd53djw==
  dependencies:
    esrecurse "^4.1.0"
    estraverse "^4.1.1"

eslint-utils@^2.0.0:
  version "2.0.0"
  resolved "https://registry.yarnpkg.com/eslint-utils/-/eslint-utils-2.0.0.tgz#7be1cc70f27a72a76cd14aa698bcabed6890e1cd"
  integrity sha512-0HCPuJv+7Wv1bACm8y5/ECVfYdfsAm9xmVb7saeFlxjPYALefjhbYoCkBjPdPzGH8wWyTpAez82Fh3VKYEZ8OA==
  dependencies:
    eslint-visitor-keys "^1.1.0"

eslint-visitor-keys@^1.1.0:
  version "1.1.0"
  resolved "https://registry.yarnpkg.com/eslint-visitor-keys/-/eslint-visitor-keys-1.1.0.tgz#e2a82cea84ff246ad6fb57f9bde5b46621459ec2"
  integrity sha512-8y9YjtM1JBJU/A9Kc+SbaOV4y29sSWckBwMHa+FGtVj5gN/sbnKDf6xJUl+8g7FAij9LVaP8C24DUiH/f/2Z9A==

esrecurse@^4.1.0:
  version "4.2.1"
  resolved "https://registry.yarnpkg.com/esrecurse/-/esrecurse-4.2.1.tgz#007a3b9fdbc2b3bb87e4879ea19c92fdbd3942cf"
  integrity sha512-64RBB++fIOAXPw3P9cy89qfMlvZEXZkqqJkjqqXIvzP5ezRZjW+lPWjw35UX/3EhUPFYbg5ER4JYgDw4007/DQ==
  dependencies:
    estraverse "^4.1.0"

estraverse@^4.1.0, estraverse@^4.1.1:
  version "4.3.0"
  resolved "https://registry.yarnpkg.com/estraverse/-/estraverse-4.3.0.tgz#398ad3f3c5a24948be7725e83d11a7de28cdbd1d"
  integrity sha512-39nnKffWz8xN1BU/2c79n9nB9HDzo0niYUqx6xyqUnyoAnQyyWpOTdZEeiCch8BBu515t4wp9ZmgVfVhn9EBpw==

fs.realpath@^1.0.0:
  version "1.0.0"
  resolved "https://registry.yarnpkg.com/fs.realpath/-/fs.realpath-1.0.0.tgz#1504ad2523158caa40db4a2787cb01411994ea4f"
  integrity sha1-FQStJSMVjKpA20onh8sBQRmU6k8=

function-bind@^1.1.1:
  version "1.1.1"
  resolved "https://registry.yarnpkg.com/function-bind/-/function-bind-1.1.1.tgz#a56899d3ea3c9bab874bb9773b7c5ede92f4895d"
  integrity sha512-yIovAzMX49sF8Yl58fSCWJ5svSLuaibPxXQJFLmBObTuCr0Mf1KiPopGM9NiFjiYBCbfaa2Fh6breQ6ANVTI0A==

get-stdin@^6.0.0:
  version "6.0.0"
  resolved "https://registry.yarnpkg.com/get-stdin/-/get-stdin-6.0.0.tgz#9e09bf712b360ab9225e812048f71fde9c89657b"
  integrity sha512-jp4tHawyV7+fkkSKyvjuLZswblUtz+SQKzSWnBbii16BuZksJlU1wuBYXY75r+duh/llF1ur6oNwi+2ZzjKZ7g==

glob@^7.1.6:
  version "7.1.6"
  resolved "https://registry.yarnpkg.com/glob/-/glob-7.1.6.tgz#141f33b81a7c2492e125594307480c46679278a6"
  integrity sha512-LwaxwyZ72Lk7vZINtNNrywX0ZuLyStrdDtabefZKAY5ZGJhVtgdznluResxNmPitE0SAO+O26sWTHeKSI2wMBA==
  dependencies:
    fs.realpath "^1.0.0"
    inflight "^1.0.4"
    inherits "2"
    minimatch "^3.0.4"
    once "^1.3.0"
    path-is-absolute "^1.0.0"

has-symbols@^1.0.0, has-symbols@^1.0.1:
  version "1.0.1"
  resolved "https://registry.yarnpkg.com/has-symbols/-/has-symbols-1.0.1.tgz#9f5214758a44196c406d9bd76cebf81ec2dd31e8"
  integrity sha512-PLcsoqu++dmEIZB+6totNFKq/7Do+Z0u4oT0zKOJNl3lYK6vGwwu2hjHs+68OEZbTjiUE9bgOABXbP/GvrS0Kg==

has@^1.0.3:
  version "1.0.3"
  resolved "https://registry.yarnpkg.com/has/-/has-1.0.3.tgz#722d7cbfc1f6aa8241f16dd814e011e1f41e8796"
  integrity sha512-f2dvO0VU6Oej7RkWJGrehjbzMAjFp5/VKPp5tTpWIV4JHHZK1/BxbFRtf/siA2SWTe09caDmVtYYzWEIbBS4zw==
  dependencies:
    function-bind "^1.1.1"

inflight@^1.0.4:
  version "1.0.6"
  resolved "https://registry.yarnpkg.com/inflight/-/inflight-1.0.6.tgz#49bd6331d7d02d0c09bc910a1075ba8165b56df9"
  integrity sha1-Sb1jMdfQLQwJvJEKEHW6gWW1bfk=
  dependencies:
    once "^1.3.0"
    wrappy "1"

inherits@2:
  version "2.0.4"
  resolved "https://registry.yarnpkg.com/inherits/-/inherits-2.0.4.tgz#0fa2c64f932917c3433a0ded55363aae37416b7c"
  integrity sha512-k/vGaX4/Yla3WzyMCvTQOXYeIHvqOKtnqBduzTHpzpQZzAskKMhZ2K+EnBiSM9zGSoIFeMpXKxa4dYeZIQqewQ==

is-callable@^1.1.4, is-callable@^1.1.5:
  version "1.1.5"
  resolved "https://registry.yarnpkg.com/is-callable/-/is-callable-1.1.5.tgz#f7e46b596890456db74e7f6e976cb3273d06faab"
  integrity sha512-ESKv5sMCJB2jnHTWZ3O5itG+O128Hsus4K4Qh1h2/cgn2vbgnLSVqfV46AeJA9D5EeeLa9w81KUXMtn34zhX+Q==

is-date-object@^1.0.1:
  version "1.0.2"
  resolved "https://registry.yarnpkg.com/is-date-object/-/is-date-object-1.0.2.tgz#bda736f2cd8fd06d32844e7743bfa7494c3bfd7e"
  integrity sha512-USlDT524woQ08aoZFzh3/Z6ch9Y/EWXEHQ/AaRN0SkKq4t2Jw2R2339tSXmwuVoY7LLlBCbOIlx2myP/L5zk0g==

is-extglob@^2.1.1:
  version "2.1.1"
  resolved "https://registry.yarnpkg.com/is-extglob/-/is-extglob-2.1.1.tgz#a88c02535791f02ed37c76a1b9ea9773c833f8c2"
  integrity sha1-qIwCU1eR8C7TfHahueqXc8gz+MI=

is-glob@^4.0.1:
  version "4.0.1"
  resolved "https://registry.yarnpkg.com/is-glob/-/is-glob-4.0.1.tgz#7567dbe9f2f5e2467bc77ab83c4a29482407a5dc"
  integrity sha512-5G0tKtBTFImOqDnLB2hG6Bp2qcKEFduo4tZu9MT/H6NQv/ghhy30o55ufafxJ/LdH79LLs2Kfrn85TLKyA7BUg==
  dependencies:
    is-extglob "^2.1.1"

is-regex@^1.0.5:
  version "1.0.5"
  resolved "https://registry.yarnpkg.com/is-regex/-/is-regex-1.0.5.tgz#39d589a358bf18967f726967120b8fc1aed74eae"
  integrity sha512-vlKW17SNq44owv5AQR3Cq0bQPEb8+kF3UKZ2fiZNOWtztYE5i0CzCZxFDwO58qAOWtxdBRVO/V5Qin1wjCqFYQ==
  dependencies:
    has "^1.0.3"

is-string@^1.0.5:
  version "1.0.5"
  resolved "https://registry.yarnpkg.com/is-string/-/is-string-1.0.5.tgz#40493ed198ef3ff477b8c7f92f644ec82a5cd3a6"
  integrity sha512-buY6VNRjhQMiF1qWDouloZlQbRhDPCebwxSjxMjxgemYT46YMd2NR0/H+fBhEfWX4A/w9TBJ+ol+okqJKFE6vQ==

is-symbol@^1.0.2:
  version "1.0.3"
  resolved "https://registry.yarnpkg.com/is-symbol/-/is-symbol-1.0.3.tgz#38e1014b9e6329be0de9d24a414fd7441ec61937"
  integrity sha512-OwijhaRSgqvhm/0ZdAcXNZt9lYdKFpcRDT5ULUuYXPoT794UNOdU+gpT6Rzo7b4V2HUl/op6GqY894AZwv9faQ==
  dependencies:
    has-symbols "^1.0.1"

jsx-ast-utils@^2.2.1:
  version "2.2.3"
  resolved "https://registry.yarnpkg.com/jsx-ast-utils/-/jsx-ast-utils-2.2.3.tgz#8a9364e402448a3ce7f14d357738310d9248054f"
  integrity sha512-EdIHFMm+1BPynpKOpdPqiOsvnIrInRGJD7bzPZdPkjitQEqpdpUuFpq4T0npZFKTiB3RhWFdGN+oqOJIdhDhQA==
  dependencies:
    array-includes "^3.0.3"
    object.assign "^4.1.0"

lodash@^4.17.15:
  version "4.17.15"
  resolved "https://registry.yarnpkg.com/lodash/-/lodash-4.17.15.tgz#b447f6670a0455bbfeedd11392eff330ea097548"
  integrity sha512-8xOcRHvCjnocdS5cpwXQXVzmmh5e5+saE2QGoeQmbKmRS6J3VQppPOIt0MnmE+4xlZoumy0GPG0D0MVIQbNA1A==

minimatch@^3.0.4:
  version "3.0.4"
  resolved "https://registry.yarnpkg.com/minimatch/-/minimatch-3.0.4.tgz#5166e286457f03306064be5497e8dbb0c3d32083"
  integrity sha512-yJHVQEhyqPLUTgt9B83PXu6W3rx4MvvHvSUvToogpwoGDOUQ+yDrR0HRot+yOCdCO7u4hX3pWft6kWBBcqh0UA==
  dependencies:
    brace-expansion "^1.1.7"

ms@^2.1.1:
  version "2.1.2"
  resolved "https://registry.yarnpkg.com/ms/-/ms-2.1.2.tgz#d09d1f357b443f493382a8eb3ccd183872ae6009"
  integrity sha512-sGkPx+VjMtmA6MX27oA4FBFELFCZZ4S4XqeGOXCv68tT+jb3vk/RyaKWP0PTKyWtmLSM0b+adUTEvbs1PEaH2w==

object-inspect@^1.7.0:
  version "1.7.0"
  resolved "https://registry.yarnpkg.com/object-inspect/-/object-inspect-1.7.0.tgz#f4f6bd181ad77f006b5ece60bd0b6f398ff74a67"
  integrity sha512-a7pEHdh1xKIAgTySUGgLMx/xwDZskN1Ud6egYYN3EdRW4ZMPNEDUTF+hwy2LUC+Bl+SyLXANnwz/jyh/qutKUw==

object-keys@^1.0.11, object-keys@^1.0.12, object-keys@^1.1.1:
  version "1.1.1"
  resolved "https://registry.yarnpkg.com/object-keys/-/object-keys-1.1.1.tgz#1c47f272df277f3b1daf061677d9c82e2322c60e"
  integrity sha512-NuAESUOUMrlIXOfHKzD6bpPu3tYt3xvjNdRIQ+FeT0lNb4K8WR70CaDxhuNguS2XG+GjkyMwOzsN5ZktImfhLA==

object.assign@^4.1.0:
  version "4.1.0"
  resolved "https://registry.yarnpkg.com/object.assign/-/object.assign-4.1.0.tgz#968bf1100d7956bb3ca086f006f846b3bc4008da"
  integrity sha512-exHJeq6kBKj58mqGyTQ9DFvrZC/eR6OwxzoM9YRoGBqrXYonaFyGiFMuc9VZrXf7DarreEwMpurG3dd+CNyW5w==
  dependencies:
    define-properties "^1.1.2"
    function-bind "^1.1.1"
    has-symbols "^1.0.0"
    object-keys "^1.0.11"

once@^1.3.0:
  version "1.4.0"
  resolved "https://registry.yarnpkg.com/once/-/once-1.4.0.tgz#583b1aa775961d4b113ac17d9c50baef9dd76bd1"
  integrity sha1-WDsap3WWHUsROsF9nFC6753Xa9E=
  dependencies:
    wrappy "1"

path-is-absolute@^1.0.0:
  version "1.0.1"
  resolved "https://registry.yarnpkg.com/path-is-absolute/-/path-is-absolute-1.0.1.tgz#174b9268735534ffbc7ace6bf53a5a9e1b5c5f5f"
  integrity sha1-F0uSaHNVNP+8es5r9TpanhtcX18=

regenerator-runtime@^0.13.4:
  version "0.13.5"
  resolved "https://registry.yarnpkg.com/regenerator-runtime/-/regenerator-runtime-0.13.5.tgz#d878a1d094b4306d10b9096484b33ebd55e26697"
  integrity sha512-ZS5w8CpKFinUzOwW3c83oPeVXoNsrLsaCoLtJvAClH135j/R77RuymhiSErhm2lKcwSCIpmvIWSbDkIfAqKQlA==

semver@^6.3.0:
  version "6.3.0"
  resolved "https://registry.yarnpkg.com/semver/-/semver-6.3.0.tgz#ee0a64c8af5e8ceea67687b133761e1becbd1d3d"
  integrity sha512-b39TBaTSfV6yBrapU89p5fKekE2m/NwnDocOVruQFS1/veMgdzuPcnOM34M6CwxW8jH/lxEa5rBoDeUwu5HHTw==

string.prototype.trimend@^1.0.0:
  version "1.0.0"
  resolved "https://registry.yarnpkg.com/string.prototype.trimend/-/string.prototype.trimend-1.0.0.tgz#ee497fd29768646d84be2c9b819e292439614373"
  integrity sha512-EEJnGqa/xNfIg05SxiPSqRS7S9qwDhYts1TSLR1BQfYUfPe1stofgGKvwERK9+9yf+PpfBMlpBaCHucXGPQfUA==
  dependencies:
    define-properties "^1.1.3"
    es-abstract "^1.17.5"

string.prototype.trimleft@^2.1.1:
  version "2.1.2"
  resolved "https://registry.yarnpkg.com/string.prototype.trimleft/-/string.prototype.trimleft-2.1.2.tgz#4408aa2e5d6ddd0c9a80739b087fbc067c03b3cc"
  integrity sha512-gCA0tza1JBvqr3bfAIFJGqfdRTyPae82+KTnm3coDXkZN9wnuW3HjGgN386D7hfv5CHQYCI022/rJPVlqXyHSw==
  dependencies:
    define-properties "^1.1.3"
    es-abstract "^1.17.5"
    string.prototype.trimstart "^1.0.0"

string.prototype.trimright@^2.1.1:
  version "2.1.2"
  resolved "https://registry.yarnpkg.com/string.prototype.trimright/-/string.prototype.trimright-2.1.2.tgz#c76f1cef30f21bbad8afeb8db1511496cfb0f2a3"
  integrity sha512-ZNRQ7sY3KroTaYjRS6EbNiiHrOkjihL9aQE/8gfQ4DtAC/aEBRHFJa44OmoWxGGqXuJlfKkZW4WcXErGr+9ZFg==
  dependencies:
    define-properties "^1.1.3"
    es-abstract "^1.17.5"
    string.prototype.trimend "^1.0.0"

string.prototype.trimstart@^1.0.0:
  version "1.0.0"
  resolved "https://registry.yarnpkg.com/string.prototype.trimstart/-/string.prototype.trimstart-1.0.0.tgz#afe596a7ce9de905496919406c9734845f01a2f2"
  integrity sha512-iCP8g01NFYiiBOnwG1Xc3WZLyoo+RuBymwIlWncShXDDJYWN6DbnM3odslBJdgCdRlq94B5s63NWAZlcn2CS4w==
  dependencies:
    define-properties "^1.1.3"
    es-abstract "^1.17.5"

tslib@^1.8.1:
  version "1.11.1"
  resolved "https://registry.yarnpkg.com/tslib/-/tslib-1.11.1.tgz#eb15d128827fbee2841549e171f45ed338ac7e35"
  integrity sha512-aZW88SY8kQbU7gpV19lN24LtXh/yD4ZZg6qieAJDDg+YBsJcSmLGK9QpnUjAKVG/xefmvJGd1WUmfpT/g6AJGA==

tsutils@^3.17.1:
  version "3.17.1"
  resolved "https://registry.yarnpkg.com/tsutils/-/tsutils-3.17.1.tgz#ed719917f11ca0dee586272b2ac49e015a2dd759"
  integrity sha512-kzeQ5B8H3w60nFY2g8cJIuH7JDpsALXySGtwGJ0p2LSjLgay3NdIpqq5SoOBe46bKDW2iq25irHCr8wjomUS2g==
  dependencies:
    tslib "^1.8.1"

wrappy@1:
  version "1.0.2"
  resolved "https://registry.yarnpkg.com/wrappy/-/wrappy-1.0.2.tgz#b5243d8f3ec1aa35f1364605bc0d1036e30ab69f"
  integrity sha1-tSQ9jz7BqjXxNkYFvA0QNuMKtp8=
